PATH
  remote: .
  specs:
    robot_lab (0.0.1)
      activerecord (>= 7.0)
      activesupport (>= 7.0)
      async (~> 2.0)
      async-http (~> 0.60)
      async-websocket (~> 0.30)
      fastembed
      railties (>= 7.0)
      ruby_llm (~> 1.0)
      ruby_llm-mcp
      ruby_llm-schema
      ruby_llm-semantic_cache
      ruby_llm-template
      simple_flow
      state_machines
      state_machines-activemodel
      state_machines-activerecord
      zeitwerk (~> 2.6)

GEM
  remote: https://rubygems.org/
  specs:
    actionpack (8.1.2)
      actionview (= 8.1.2)
      activesupport (= 8.1.2)
      nokogiri (>= 1.8.5)
      rack (>= 2.2.4)
      rack-session (>= 1.0.1)
      rack-test (>= 0.6.3)
      rails-dom-testing (~> 2.2)
      rails-html-sanitizer (~> 1.6)
      useragent (~> 0.16)
    actionview (8.1.2)
      activesupport (= 8.1.2)
      builder (~> 3.1)
      erubi (~> 1.11)
      rails-dom-testing (~> 2.2)
      rails-html-sanitizer (~> 1.6)
    activemodel (8.1.2)
      activesupport (= 8.1.2)
    activerecord (8.1.2)
      activemodel (= 8.1.2)
      activesupport (= 8.1.2)
      timeout (>= 0.4.0)
    activesupport (8.1.2)
      base64
      bigdecimal
      concurrent-ruby (~> 1.0, >= 1.3.1)
      connection_pool (>= 2.2.5)
      drb
      i18n (>= 1.6, < 2)
      json
      logger (>= 1.4.2)
      minitest (>= 5.1)
      securerandom (>= 0.3)
      tzinfo (~> 2.0, >= 2.0.5)
      uri (>= 0.13.1)
    addressable (2.8.8)
      public_suffix (>= 2.0.2, < 8.0)
    aigcm (0.3.2)
      ruby_llm
    ansi (1.5.0)
    ast (2.4.3)
    async (2.35.2)
      console (~> 1.29)
      fiber-annotation
      io-event (~> 1.11)
      metrics (~> 0.12)
      traces (~> 0.18)
    async-http (0.94.0)
      async (>= 2.10.2)
      async-pool (~> 0.11)
      io-endpoint (~> 0.14)
      io-stream (~> 0.6)
      metrics (~> 0.12)
      protocol-http (~> 0.58)
      protocol-http1 (~> 0.36)
      protocol-http2 (~> 0.22)
      protocol-url (~> 0.2)
      traces (~> 0.10)
    async-pool (0.11.1)
      async (>= 2.0)
    async-websocket (0.30.0)
      async-http (~> 0.76)
      protocol-http (~> 0.34)
      protocol-rack (~> 0.7)
      protocol-websocket (~> 0.17)
    base64 (0.3.0)
    bigdecimal (4.0.1)
    builder (3.3.0)
    concurrent-ruby (1.3.6)
    connection_pool (3.0.2)
    console (1.34.2)
      fiber-annotation
      fiber-local (~> 1.1)
      json
    crack (1.0.1)
      bigdecimal
      rexml
    crass (1.0.6)
    date (3.5.1)
    debug (1.11.1)
      irb (~> 1.10)
      reline (>= 0.3.8)
    debug_me (1.1.3)
    drb (2.2.3)
    erb (6.0.1)
    erubi (1.13.1)
    event_stream_parser (1.0.0)
    faraday (2.14.0)
      faraday-net_http (>= 2.0, < 3.5)
      json
      logger
    faraday-multipart (1.2.0)
      multipart-post (~> 2.0)
    faraday-net_http (3.4.2)
      net-http (~> 0.5)
    faraday-retry (2.4.0)
      faraday (~> 2.0)
    fastembed (1.1.0)
      onnxruntime (~> 0.9)
      tokenizers (~> 0.5)
    ffi (1.17.3-arm64-darwin)
    fiber-annotation (0.2.0)
    fiber-local (1.1.0)
      fiber-storage
    fiber-storage (1.0.1)
    hashdiff (1.2.1)
    http-2 (1.1.1)
    httpx (1.7.0)
      http-2 (>= 1.0.0)
    i18n (1.14.8)
      concurrent-ruby (~> 1.0)
    io-console (0.8.2)
    io-endpoint (0.16.0)
    io-event (1.14.2)
    io-stream (0.11.1)
    irb (1.16.0)
      pp (>= 0.6.0)
      rdoc (>= 4.0.0)
      reline (>= 0.4.2)
    json (2.18.0)
    json-schema (5.1.0)
      addressable (~> 2.8)
    language_server-protocol (3.17.0.5)
    lint_roller (1.1.0)
    logger (1.7.0)
    loofah (2.25.0)
      crass (~> 1.0.2)
      nokogiri (>= 1.12.0)
    marcel (1.1.0)
    metrics (0.15.0)
    minitest (6.0.1)
      prism (~> 1.5)
    minitest-reporters (1.7.1)
      ansi
      builder
      minitest (>= 5.0)
      ruby-progressbar
    multipart-post (2.4.1)
    net-http (0.9.1)
      uri (>= 0.11.1)
    nokogiri (1.19.0-arm64-darwin)
      racc (~> 1.4)
    onnxruntime (0.10.1-arm64-darwin)
      ffi
    parallel (1.27.0)
    parser (3.3.10.0)
      ast (~> 2.4.1)
      racc
    pp (0.6.3)
      prettyprint
    prettyprint (0.2.0)
    prism (1.8.0)
    protocol-hpack (1.5.1)
    protocol-http (0.58.0)
    protocol-http1 (0.36.0)
      protocol-http (~> 0.58)
    protocol-http2 (0.24.0)
      protocol-hpack (~> 1.4)
      protocol-http (~> 0.47)
    protocol-rack (0.21.0)
      io-stream (>= 0.10)
      protocol-http (~> 0.58)
      rack (>= 1.0)
    protocol-url (0.4.0)
    protocol-websocket (0.20.2)
      protocol-http (~> 0.2)
    psych (5.3.1)
      date
      stringio
    public_suffix (7.0.2)
    racc (1.8.1)
    rack (3.2.4)
    rack-session (2.1.1)
      base64 (>= 0.1.0)
      rack (>= 3.0.0)
    rack-test (2.2.0)
      rack (>= 1.3)
    rackup (2.3.1)
      rack (>= 3)
    rails-dom-testing (2.3.0)
      activesupport (>= 5.0.0)
      minitest
      nokogiri (>= 1.6)
    rails-html-sanitizer (1.6.2)
      loofah (~> 2.21)
      nokogiri (>= 1.15.7, != 1.16.7, != 1.16.6, != 1.16.5, != 1.16.4, != 1.16.3, != 1.16.2, != 1.16.1, != 1.16.0.rc1, != 1.16.0)
    railties (8.1.2)
      actionpack (= 8.1.2)
      activesupport (= 8.1.2)
      irb (~> 1.13)
      rackup (>= 1.0.0)
      rake (>= 12.2)
      thor (~> 1.0, >= 1.2.2)
      tsort (>= 0.2)
      zeitwerk (~> 2.6)
    rainbow (3.1.1)
    rake (13.3.1)
    rdoc (7.1.0)
      erb
      psych (>= 4.0.0)
      tsort
    regexp_parser (2.11.3)
    reline (0.6.3)
      io-console (~> 0.5)
    rexml (3.4.4)
    rubocop (1.82.1)
      json (~> 2.3)
      language_server-protocol (~> 3.17.0.2)
      lint_roller (~> 1.1.0)
      parallel (~> 1.10)
      parser (>= 3.3.0.2)
      rainbow (>= 2.2.2, < 4.0)
      regexp_parser (>= 2.9.3, < 3.0)
      rubocop-ast (>= 1.48.0, < 2.0)
      ruby-progressbar (~> 1.7)
      unicode-display_width (>= 2.4.0, < 4.0)
    rubocop-ast (1.49.0)
      parser (>= 3.3.7.2)
      prism (~> 1.7)
    ruby-progressbar (1.13.0)
    ruby_llm (1.10.0)
      base64
      event_stream_parser (~> 1)
      faraday (>= 1.10.0)
      faraday-multipart (>= 1)
      faraday-net_http (>= 1)
      faraday-retry (>= 1)
      marcel (~> 1.0)
      ruby_llm-schema (~> 0.2.1)
      zeitwerk (~> 2)
    ruby_llm-mcp (0.8.0)
      httpx (~> 1.4)
      json-schema (~> 5.0)
      ruby_llm (~> 1.9)
      zeitwerk (~> 2)
    ruby_llm-schema (0.2.5)
    ruby_llm-semantic_cache (0.1.0)
      ruby_llm (~> 1.0)
    ruby_llm-template (0.1.6)
      ruby_llm (>= 1.0)
      ruby_llm-schema (>= 0.2.0)
    securerandom (0.4.1)
    simple_flow (0.2.0)
    sqlite3 (2.9.0-arm64-darwin)
    state_machines (0.100.4)
    state_machines-activemodel (0.101.0)
      activemodel (>= 7.2)
      state_machines (>= 0.100.4)
    state_machines-activerecord (0.100.0)
      activerecord (>= 7.2)
      state_machines-activemodel (>= 0.100.0)
    stringio (3.2.0)
    thor (1.5.0)
    timeout (0.6.0)
    tokenizers (0.6.3-arm64-darwin)
    traces (0.18.2)
    tsort (0.2.0)
    tzinfo (2.0.6)
      concurrent-ruby (~> 1.0)
    unicode-display_width (3.2.0)
      unicode-emoji (~> 4.1)
    unicode-emoji (4.2.0)
    uri (1.1.1)
    useragent (0.16.11)
    vcr (6.4.0)
    webmock (3.26.1)
      addressable (>= 2.8.0)
      crack (>= 0.3.2)
      hashdiff (>= 0.4.0, < 2.0.0)
    zeitwerk (2.7.4)

PLATFORMS
  arm64-darwin

DEPENDENCIES
  activerecord (>= 7.0)
  aigcm
  debug
  debug_me
  minitest
  minitest-reporters
  rake
  robot_lab!
  rubocop
  sqlite3
  state_machines-activerecord
  vcr
  webmock

CHECKSUMS
  actionpack (8.1.2) sha256=ced74147a1f0daafaa4bab7f677513fd4d3add574c7839958f7b4f1de44f8423
  actionview (8.1.2) sha256=80455b2588911c9b72cec22d240edacb7c150e800ef2234821269b2b2c3e2e5b
  activemodel (8.1.2) sha256=e21358c11ce68aed3f9838b7e464977bc007b4446c6e4059781e1d5c03bcf33e
  activerecord (8.1.2) sha256=acfbe0cadfcc50fa208011fe6f4eb01cae682ebae0ef57145ba45380c74bcc44
  activesupport (8.1.2) sha256=88842578ccd0d40f658289b0e8c842acfe9af751afee2e0744a7873f50b6fdae
  addressable (2.8.8) sha256=7c13b8f9536cf6364c03b9d417c19986019e28f7c00ac8132da4eb0fe393b057
  aigcm (0.3.2) sha256=eda5055a4bc1dd021f860b08134bf122f9df2e283da5be6719d1dde98a23428a
  ansi (1.5.0) sha256=5408253274e33d9d27d4a98c46d2998266fd51cba58a7eb9d08f50e57ed23592
  ast (2.4.3) sha256=954615157c1d6a382bc27d690d973195e79db7f55e9765ac7c481c60bdb4d383
  async (2.35.2) sha256=2193907844f0ab086d4491c4d05c2a16dc2e2466b12468270e57daba5d21f962
  async-http (0.94.0) sha256=479dc4a11c078aff7e054a729fc79fef7d0c28ca26bfe81a4d125672b28759ea
  async-pool (0.11.1) sha256=98e1583e199a75f7dc70f8e65fc8d0d3b28636c3f256595d43e206642ad8fbda
  async-websocket (0.30.0) sha256=55739954528ad8f87f7792d0452e1268d1ef2aa5b3719f79400a05a1a6202cdf
  base64 (0.3.0) sha256=27337aeabad6ffae05c265c450490628ef3ebd4b67be58257393227588f5a97b
  bigdecimal (4.0.1) sha256=8b07d3d065a9f921c80ceaea7c9d4ae596697295b584c296fe599dd0ad01c4a7
  builder (3.3.0) sha256=497918d2f9dca528fdca4b88d84e4ef4387256d984b8154e9d5d3fe5a9c8835f
  concurrent-ruby (1.3.6) sha256=6b56837e1e7e5292f9864f34b69c5a2cbc75c0cf5338f1ce9903d10fa762d5ab
  connection_pool (3.0.2) sha256=33fff5ba71a12d2aa26cb72b1db8bba2a1a01823559fb01d29eb74c286e62e0a
  console (1.34.2) sha256=1c036abf606ccec83f9dc28f0c31710fe5936ffe7ba5d235ae2865590a482d58
  crack (1.0.1) sha256=ff4a10390cd31d66440b7524eb1841874db86201d5b70032028553130b6d4c7e
  crass (1.0.6) sha256=dc516022a56e7b3b156099abc81b6d2b08ea1ed12676ac7a5657617f012bd45d
  date (3.5.1) sha256=750d06384d7b9c15d562c76291407d89e368dda4d4fff957eb94962d325a0dc0
  debug (1.11.1) sha256=2e0b0ac6119f2207a6f8ac7d4a73ca8eb4e440f64da0a3136c30343146e952b6
  debug_me (1.1.3) sha256=ae8cf61993350d9b3cbe337a7f9a0f595be5b4976c10891a4e1eacc63d09f717
  drb (2.2.3) sha256=0b00d6fdb50995fe4a45dea13663493c841112e4068656854646f418fda13373
  erb (6.0.1) sha256=28ecdd99c5472aebd5674d6061e3c6b0a45c049578b071e5a52c2a7f13c197e5
  erubi (1.13.1) sha256=a082103b0885dbc5ecf1172fede897f9ebdb745a4b97a5e8dc63953db1ee4ad9
  event_stream_parser (1.0.0) sha256=a2683bab70126286f8184dc88f7968ffc4028f813161fb073ec90d171f7de3c8
  faraday (2.14.0) sha256=8699cfe5d97e55268f2596f9a9d5a43736808a943714e3d9a53e6110593941cd
  faraday-multipart (1.2.0) sha256=7d89a949693714176f612323ca13746a2ded204031a6ba528adee788694ef757
  faraday-net_http (3.4.2) sha256=f147758260d3526939bf57ecf911682f94926a3666502e24c69992765875906c
  faraday-retry (2.4.0) sha256=7b79c48fb7e56526faf247b12d94a680071ff40c9fda7cf1ec1549439ad11ebe
  fastembed (1.1.0) sha256=0b59cd93cc6879bed599585404d3230103002b9fb966f1dfe0cc94c334ad168c
  ffi (1.17.3-arm64-darwin) sha256=0c690555d4cee17a7f07c04d59df39b2fba74ec440b19da1f685c6579bb0717f
  fiber-annotation (0.2.0) sha256=7abfadf1d119f508867d4103bf231c0354d019cc39a5738945dec2edadaf6c03
  fiber-local (1.1.0) sha256=c885f94f210fb9b05737de65d511136ea602e00c5105953748aa0f8793489f06
  fiber-storage (1.0.1) sha256=f48e5b6d8b0be96dac486332b55cee82240057065dc761c1ea692b2e719240e1
  hashdiff (1.2.1) sha256=9c079dbc513dfc8833ab59c0c2d8f230fa28499cc5efb4b8dd276cf931457cd1
  http-2 (1.1.1) sha256=1141a5a03c2f4e6b8d2fa62394de581e1ff6387711cd7ed577212e9d95562bba
  httpx (1.7.0) sha256=e219689555951f9c13c40862da120cdd2535e1454189bed589f04d7059557154
  i18n (1.14.8) sha256=285778639134865c5e0f6269e0b818256017e8cde89993fdfcbfb64d088824a5
  io-console (0.8.2) sha256=d6e3ae7a7cc7574f4b8893b4fca2162e57a825b223a177b7afa236c5ef9814cc
  io-endpoint (0.16.0) sha256=b5517d9d2cde28e32ef0b0e13d4422d172a093760f50aad244d50282e990a114
  io-event (1.14.2) sha256=b0a069190eafe86005c22f7464f744971b5bd82f153740d34e6ab49548d4f613
  io-stream (0.11.1) sha256=fa5f551fcff99581c1757b9d1cee2c37b124f07d2ca4f40b756a05ab9bd21b87
  irb (1.16.0) sha256=2abe56c9ac947cdcb2f150572904ba798c1e93c890c256f8429981a7675b0806
  json (2.18.0) sha256=b10506aee4183f5cf49e0efc48073d7b75843ce3782c68dbeb763351c08fd505
  json-schema (5.1.0) sha256=c12729e346dce58ecc9be07301f4f247aeba1e3daae208e867278f3d27c64eb7
  language_server-protocol (3.17.0.5) sha256=fd1e39a51a28bf3eec959379985a72e296e9f9acfce46f6a79d31ca8760803cc
  lint_roller (1.1.0) sha256=2c0c845b632a7d172cb849cc90c1bce937a28c5c8ccccb50dfd46a485003cc87
  logger (1.7.0) sha256=196edec7cc44b66cfb40f9755ce11b392f21f7967696af15d274dde7edff0203
  loofah (2.25.0) sha256=df5ed7ac3bac6a4ec802df3877ee5cc86d027299f8952e6243b3dac446b060e6
  marcel (1.1.0) sha256=fdcfcfa33cc52e93c4308d40e4090a5d4ea279e160a7f6af988260fa970e0bee
  metrics (0.15.0) sha256=61ded5bac95118e995b1bc9ed4a5f19bc9814928a312a85b200abbdac9039072
  minitest (6.0.1) sha256=7854c74f48e2e975969062833adc4013f249a4b212f5e7b9d5c040bf838d54bb
  minitest-reporters (1.7.1) sha256=5060413a0c95b8c32fe73e0606f3631c173a884d7900e50013e15094eb50562c
  multipart-post (2.4.1) sha256=9872d03a8e552020ca096adadbf5e3cb1cd1cdd6acd3c161136b8a5737cdb4a8
  net-http (0.9.1) sha256=25ba0b67c63e89df626ed8fac771d0ad24ad151a858af2cc8e6a716ca4336996
  nokogiri (1.19.0-arm64-darwin) sha256=0811dfd936d5f6dd3f6d32ef790568bf29b2b7bead9ba68866847b33c9cf5810
  onnxruntime (0.10.1-arm64-darwin) sha256=8afc0feaa03bd969c4c0f43379254106ac90dbb548c8bb2cae4cca25f19771b7
  parallel (1.27.0) sha256=4ac151e1806b755fb4e2dc2332cbf0e54f2e24ba821ff2d3dcf86bf6dc4ae130
  parser (3.3.10.0) sha256=ce3587fa5cc55a88c4ba5b2b37621b3329aadf5728f9eafa36bbd121462aabd6
  pp (0.6.3) sha256=2951d514450b93ccfeb1df7d021cae0da16e0a7f95ee1e2273719669d0ab9df6
  prettyprint (0.2.0) sha256=2bc9e15581a94742064a3cc8b0fb9d45aae3d03a1baa6ef80922627a0766f193
  prism (1.8.0) sha256=84453a16ef5530ea62c5f03ec16b52a459575ad4e7b9c2b360fd8ce2c39c1254
  protocol-hpack (1.5.1) sha256=6feca238b8078da1cd295677d6f306c6001af92d75fe0643d33e6956cbc3ad91
  protocol-http (0.58.0) sha256=b77c5799e7a7acd31afaa9fed5c3714fe91ab7746925d66e9e4d92a5c74555fa
  protocol-http1 (0.36.0) sha256=057344d2509a59338d0b4bc8f092a52126bb9ed51b76adbb4365f132bbd4ef09
  protocol-http2 (0.24.0) sha256=65327a019b7e36d2774e94050bf57a43bb60212775d2fcf02ae1d2ed4f01ef28
  protocol-rack (0.21.0) sha256=bffbb63110aa1aee15aeb0c764f50c95219338ef3efae017d91c6e2f6ee71561
  protocol-url (0.4.0) sha256=64d4c03b6b51ad815ac6fdaf77a1d91e5baf9220d26becb846c5459dacdea9e1
  protocol-websocket (0.20.2) sha256=c41d93c35fba5dae85375c597f76975f3dbd75d8c5b2f21b33dab4dc22a5a511
  psych (5.3.1) sha256=eb7a57cef10c9d70173ff74e739d843ac3b2c019a003de48447b2963d81b1974
  public_suffix (7.0.2) sha256=9114090c8e4e7135c1fd0e7acfea33afaab38101884320c65aaa0ffb8e26a857
  racc (1.8.1) sha256=4a7f6929691dbec8b5209a0b373bc2614882b55fc5d2e447a21aaa691303d62f
  rack (3.2.4) sha256=5d74b6f75082a643f43c1e76b419c40f0e5527fcfee1e669ac1e6b73c0ccb6f6
  rack-session (2.1.1) sha256=0b6dc07dea7e4b583f58a48e8b806d4c9f1c6c9214ebc202ec94562cbea2e4e9
  rack-test (2.2.0) sha256=005a36692c306ac0b4a9350355ee080fd09ddef1148a5f8b2ac636c720f5c463
  rackup (2.3.1) sha256=6c79c26753778e90983761d677a48937ee3192b3ffef6bc963c0950f94688868
  rails-dom-testing (2.3.0) sha256=8acc7953a7b911ca44588bf08737bc16719f431a1cc3091a292bca7317925c1d
  rails-html-sanitizer (1.6.2) sha256=35fce2ca8242da8775c83b6ba9c1bcaad6751d9eb73c1abaa8403475ab89a560
  railties (8.1.2) sha256=1289ece76b4f7668fc46d07e55cc992b5b8751f2ad85548b7da351b8c59f8055
  rainbow (3.1.1) sha256=039491aa3a89f42efa1d6dec2fc4e62ede96eb6acd95e52f1ad581182b79bc6a
  rake (13.3.1) sha256=8c9e89d09f66a26a01264e7e3480ec0607f0c497a861ef16063604b1b08eb19c
  rdoc (7.1.0) sha256=494899df0706c178596ca6e1d50f1b7eb285a9b2aae715be5abd742734f17363
  regexp_parser (2.11.3) sha256=ca13f381a173b7a93450e53459075c9b76a10433caadcb2f1180f2c741fc55a4
  reline (0.6.3) sha256=1198b04973565b36ec0f11542ab3f5cfeeec34823f4e54cebde90968092b1835
  rexml (3.4.4) sha256=19e0a2c3425dfbf2d4fc1189747bdb2f849b6c5e74180401b15734bc97b5d142
  robot_lab (0.0.1)
  rubocop (1.82.1) sha256=09f1a6a654a960eda767aebea33e47603080f8e9c9a3f019bf9b94c9cab5e273
  rubocop-ast (1.49.0) sha256=49c3676d3123a0923d333e20c6c2dbaaae2d2287b475273fddee0c61da9f71fd
  ruby-progressbar (1.13.0) sha256=80fc9c47a9b640d6834e0dc7b3c94c9df37f08cb072b7761e4a71e22cff29b33
  ruby_llm (1.10.0) sha256=ac896407a6f3649884ba07b3ef57ba3506a6bfc2f90188e2e43c0558cbf09420
  ruby_llm-mcp (0.8.0) sha256=74350b6c08eeb8bf1c387dc7192bb21bad8415d21277b9a922c182b2e8c29915
  ruby_llm-schema (0.2.5) sha256=b08cd42e8de7100325e2e868672a56f1915eb23692bb808f51f214e41392104f
  ruby_llm-semantic_cache (0.1.0) sha256=ad285968cfaed88cd8f5b9fc50ae64af815f3d4d6d862aa96d01c64a5f669815
  ruby_llm-template (0.1.6) sha256=163e1f195276df31596af1862a43cb4b7ed256e9fa7a7802690c728748c1702a
  securerandom (0.4.1) sha256=cc5193d414a4341b6e225f0cb4446aceca8e50d5e1888743fac16987638ea0b1
  simple_flow (0.2.0) sha256=ec99d6ece749d014eae2afd290288b15809eff9430d0ad87a9d4cea6dd6beaf9
  sqlite3 (2.9.0-arm64-darwin) sha256=a917bd9b84285766ff3300b7d79cd583f5a067594c8c1263e6441618c04a6ed3
  state_machines (0.100.4) sha256=dd4e555ebb061569dd8fe18a5f39b51d10be6306b89a0c315a9697671d752565
  state_machines-activemodel (0.101.0) sha256=6798c6bf5aa4be2b1a00ca633949c999ebee7a148bd4ea8f6858b189e2cdf72d
  state_machines-activerecord (0.100.0) sha256=b2213f74f3f32c6d92de5139e8898bc64a0ffb3f048df7d950ce27e28384beb5
  stringio (3.2.0) sha256=c37cb2e58b4ffbd33fe5cd948c05934af997b36e0b6ca6fdf43afa234cf222e1
  thor (1.5.0) sha256=e3a9e55fe857e44859ce104a84675ab6e8cd59c650a49106a05f55f136425e73
  timeout (0.6.0) sha256=6d722ad619f96ee383a0c557ec6eb8c4ecb08af3af62098a0be5057bf00de1af
  tokenizers (0.6.3-arm64-darwin) sha256=29a6a5582dce106d846a906ee9e4254c12db45a3855c3ff6881d4be8be03e6b6
  traces (0.18.2) sha256=80f1649cb4daace1d7174b81f3b3b7427af0b93047759ba349960cb8f315e214
  tsort (0.2.0) sha256=9650a793f6859a43b6641671278f79cfead60ac714148aabe4e3f0060480089f
  tzinfo (2.0.6) sha256=8daf828cc77bcf7d63b0e3bdb6caa47e2272dcfaf4fbfe46f8c3a9df087a829b
  unicode-display_width (3.2.0) sha256=0cdd96b5681a5949cdbc2c55e7b420facae74c4aaf9a9815eee1087cb1853c42
  unicode-emoji (4.2.0) sha256=519e69150f75652e40bf736106cfbc8f0f73aa3fb6a65afe62fefa7f80b0f80f
  uri (1.1.1) sha256=379fa58d27ffb1387eaada68c749d1426738bd0f654d812fcc07e7568f5c57c6
  useragent (0.16.11) sha256=700e6413ad4bb954bb63547fa098dddf7b0ebe75b40cc6f93b8d54255b173844
  vcr (6.4.0) sha256=077ac92cc16efc5904eb90492a18153b5e6ca5398046d8a249a7c96a9ea24ae6
  webmock (3.26.1) sha256=4f696fb57c90a827c20aadb2d4f9058bbff10f7f043bd0d4c3f58791143b1cd7
  zeitwerk (2.7.4) sha256=2bef90f356bdafe9a6c2bd32bcd804f83a4f9b8bc27f3600fff051eb3edcec8b

BUNDLED WITH
  4.0.3
